
Microsoft Visual Studio Solution File, Format Version 12.00
# Visual Studio Version 17
VisualStudioVersion = 17.11.35222.181
MinimumVisualStudioVersion = 10.0.40219.1
Project("{FAE04EC0-301F-11D3-BF4B-00C04F79EFBC}") = "BookDonorsAPI", "BookDonorsAPI\BookDonorsAPI.csproj", "{52336C2D-EA54-4BBB-B436-F152B3206E50}"
EndProject
Global
	GlobalSection(SolutionConfigurationPlatforms) = preSolution
		Debug|Any CPU = Debug|Any CPU
		Release|Any CPU = Release|Any CPU
	EndGlobalSection
	GlobalSection(ProjectConfigurationPlatforms) = postSolution
		{52336C2D-EA54-4BBB-B436-F152B3206E50}.Debug|Any CPU.ActiveCfg = Debug|Any CPU
		{52336C2D-EA54-4BBB-B436-F152B3206E50}.Debug|Any CPU.Build.0 = Debug|Any CPU
		{52336C2D-EA54-4BBB-B436-F152B3206E50}.Release|Any CPU.ActiveCfg = Release|Any CPU
		{52336C2D-EA54-4BBB-B436-F152B3206E50}.Release|Any CPU.Build.0 = Release|Any CPU
	EndGlobalSection
	GlobalSection(SolutionProperties) = preSolution
		HideSolutionNode = FALSE
	EndGlobalSection
	GlobalSection(ExtensibilityGlobals) = postSolution
		SolutionGuid = {769148F3-0B76-45C8-AC64-A6A9F12EA445}
	EndGlobalSection
EndGlobal
